
Microsoft Visual Studio Solution File, Format Version 12.00
# Visual Studio Version 16
VisualStudioVersion = 16.0.30907.101
MinimumVisualStudioVersion = 10.0.40219.1
Project("{FAE04EC0-301F-11D3-BF4B-00C04F79EFBC}") = "Chap03App", "Chap03App\Chap03App.csproj", "{B36E3765-1FB1-4099-8D0C-47D7DBDD0DB6}"
EndProject
Global
	GlobalSection(SolutionConfigurationPlatforms) = preSolution
		Debug|Any CPU = Debug|Any CPU
		Release|Any CPU = Release|Any CPU
	EndGlobalSection
	GlobalSection(ProjectConfigurationPlatforms) = postSolution
		{B36E3765-1FB1-4099-8D0C-47D7DBDD0DB6}.Debug|Any CPU.ActiveCfg = Debug|Any CPU
		{B36E3765-1FB1-4099-8D0C-47D7DBDD0DB6}.Debug|Any CPU.Build.0 = Debug|Any CPU
		{B36E3765-1FB1-4099-8D0C-47D7DBDD0DB6}.Release|Any CPU.ActiveCfg = Release|Any CPU
		{B36E3765-1FB1-4099-8D0C-47D7DBDD0DB6}.Release|Any CPU.Build.0 = Release|Any CPU
	EndGlobalSection
	GlobalSection(SolutionProperties) = preSolution
		HideSolutionNode = FALSE
	EndGlobalSection
	GlobalSection(ExtensibilityGlobals) = postSolution
		SolutionGuid = {DBD48416-9A73-486B-97D7-31F97E8A0B2B}
	EndGlobalSection
EndGlobal
