
Microsoft Visual Studio Solution File, Format Version 12.00
# Visual Studio Version 16
VisualStudioVersion = 16.0.31019.35
MinimumVisualStudioVersion = 10.0.40219.1
Project("{FAE04EC0-301F-11D3-BF4B-00C04F79EFBC}") = "Chap10", "Chap10\Chap10.csproj", "{CDEF47B8-8209-4D4D-BAEF-ECB7400DCD56}"
EndProject
Project("{FAE04EC0-301F-11D3-BF4B-00C04F79EFBC}") = "2DegreeArrayApp", "2DegreeArrayApp\2DegreeArrayApp.csproj", "{516CBC98-8E1C-43B2-A36C-933D7A8262D0}"
EndProject
Global
	GlobalSection(SolutionConfigurationPlatforms) = preSolution
		Debug|Any CPU = Debug|Any CPU
		Release|Any CPU = Release|Any CPU
	EndGlobalSection
	GlobalSection(ProjectConfigurationPlatforms) = postSolution
		{CDEF47B8-8209-4D4D-BAEF-ECB7400DCD56}.Debug|Any CPU.ActiveCfg = Debug|Any CPU
		{CDEF47B8-8209-4D4D-BAEF-ECB7400DCD56}.Debug|Any CPU.Build.0 = Debug|Any CPU
		{CDEF47B8-8209-4D4D-BAEF-ECB7400DCD56}.Release|Any CPU.ActiveCfg = Release|Any CPU
		{CDEF47B8-8209-4D4D-BAEF-ECB7400DCD56}.Release|Any CPU.Build.0 = Release|Any CPU
		{516CBC98-8E1C-43B2-A36C-933D7A8262D0}.Debug|Any CPU.ActiveCfg = Debug|Any CPU
		{516CBC98-8E1C-43B2-A36C-933D7A8262D0}.Debug|Any CPU.Build.0 = Debug|Any CPU
		{516CBC98-8E1C-43B2-A36C-933D7A8262D0}.Release|Any CPU.ActiveCfg = Release|Any CPU
		{516CBC98-8E1C-43B2-A36C-933D7A8262D0}.Release|Any CPU.Build.0 = Release|Any CPU
	EndGlobalSection
	GlobalSection(SolutionProperties) = preSolution
		HideSolutionNode = FALSE
	EndGlobalSection
	GlobalSection(ExtensibilityGlobals) = postSolution
		SolutionGuid = {DA361F64-B70F-44E5-89B6-0A2494DB4F44}
	EndGlobalSection
EndGlobal
