
Microsoft Visual Studio Solution File, Format Version 12.00
# Visual Studio Version 16
VisualStudioVersion = 16.0.30907.101
MinimumVisualStudioVersion = 10.0.40219.1
Project("{FAE04EC0-301F-11D3-BF4B-00C04F79EFBC}") = "Chap07App", "Chap07App\Chap07App.csproj", "{48EF38C1-9160-4B6E-B0CC-EB26CFFB38FC}"
EndProject
Project("{FAE04EC0-301F-11D3-BF4B-00C04F79EFBC}") = "CalcTestApp", "CalcTestApp\CalcTestApp.csproj", "{371FAB4F-507A-4F06-A470-BD7A8A67D78A}"
EndProject
Project("{FAE04EC0-301F-11D3-BF4B-00C04F79EFBC}") = "StaticTestApp", "StaticTestApp\StaticTestApp.csproj", "{58A71227-0EDC-4368-8739-83781946A4EF}"
EndProject
Project("{FAE04EC0-301F-11D3-BF4B-00C04F79EFBC}") = "AccessModifierTestApp", "AccessModifierTestApp\AccessModifierTestApp.csproj", "{64B10C8F-23C4-4CE6-A87D-0FD8AD7BEA18}"
EndProject
Global
	GlobalSection(SolutionConfigurationPlatforms) = preSolution
		Debug|Any CPU = Debug|Any CPU
		Release|Any CPU = Release|Any CPU
	EndGlobalSection
	GlobalSection(ProjectConfigurationPlatforms) = postSolution
		{48EF38C1-9160-4B6E-B0CC-EB26CFFB38FC}.Debug|Any CPU.ActiveCfg = Debug|Any CPU
		{48EF38C1-9160-4B6E-B0CC-EB26CFFB38FC}.Debug|Any CPU.Build.0 = Debug|Any CPU
		{48EF38C1-9160-4B6E-B0CC-EB26CFFB38FC}.Release|Any CPU.ActiveCfg = Release|Any CPU
		{48EF38C1-9160-4B6E-B0CC-EB26CFFB38FC}.Release|Any CPU.Build.0 = Release|Any CPU
		{371FAB4F-507A-4F06-A470-BD7A8A67D78A}.Debug|Any CPU.ActiveCfg = Debug|Any CPU
		{371FAB4F-507A-4F06-A470-BD7A8A67D78A}.Debug|Any CPU.Build.0 = Debug|Any CPU
		{371FAB4F-507A-4F06-A470-BD7A8A67D78A}.Release|Any CPU.ActiveCfg = Release|Any CPU
		{371FAB4F-507A-4F06-A470-BD7A8A67D78A}.Release|Any CPU.Build.0 = Release|Any CPU
		{58A71227-0EDC-4368-8739-83781946A4EF}.Debug|Any CPU.ActiveCfg = Debug|Any CPU
		{58A71227-0EDC-4368-8739-83781946A4EF}.Debug|Any CPU.Build.0 = Debug|Any CPU
		{58A71227-0EDC-4368-8739-83781946A4EF}.Release|Any CPU.ActiveCfg = Release|Any CPU
		{58A71227-0EDC-4368-8739-83781946A4EF}.Release|Any CPU.Build.0 = Release|Any CPU
		{64B10C8F-23C4-4CE6-A87D-0FD8AD7BEA18}.Debug|Any CPU.ActiveCfg = Debug|Any CPU
		{64B10C8F-23C4-4CE6-A87D-0FD8AD7BEA18}.Debug|Any CPU.Build.0 = Debug|Any CPU
		{64B10C8F-23C4-4CE6-A87D-0FD8AD7BEA18}.Release|Any CPU.ActiveCfg = Release|Any CPU
		{64B10C8F-23C4-4CE6-A87D-0FD8AD7BEA18}.Release|Any CPU.Build.0 = Release|Any CPU
	EndGlobalSection
	GlobalSection(SolutionProperties) = preSolution
		HideSolutionNode = FALSE
	EndGlobalSection
	GlobalSection(ExtensibilityGlobals) = postSolution
		SolutionGuid = {28DD6292-327F-4DEE-8243-69EB2F10F553}
	EndGlobalSection
EndGlobal
