
Microsoft Visual Studio Solution File, Format Version 12.00
# Visual Studio Version 16
VisualStudioVersion = 16.0.30907.101
MinimumVisualStudioVersion = 10.0.40219.1
Project("{9A19103F-16F7-4668-BE54-9A1E7A4F7556}") = "01_Chap07App", "Chap07App\01_Chap07App.csproj", "{48EF38C1-9160-4B6E-B0CC-EB26CFFB38FC}"
EndProject
Project("{FAE04EC0-301F-11D3-BF4B-00C04F79EFBC}") = "CalcTestApp", "CalcTestApp\CalcTestApp.csproj", "{371FAB4F-507A-4F06-A470-BD7A8A67D78A}"
EndProject
Project("{FAE04EC0-301F-11D3-BF4B-00C04F79EFBC}") = "02_StaticTestApp", "StaticTestApp\02_StaticTestApp.csproj", "{58A71227-0EDC-4368-8739-83781946A4EF}"
EndProject
Project("{FAE04EC0-301F-11D3-BF4B-00C04F79EFBC}") = "AccessModifierTestApp", "AccessModifierTestApp\AccessModifierTestApp.csproj", "{64B10C8F-23C4-4CE6-A87D-0FD8AD7BEA18}"
EndProject
Project("{FAE04EC0-301F-11D3-BF4B-00C04F79EFBC}") = "InheritTestApp", "InheritTestApp\InheritTestApp.csproj", "{511A7A24-4DD9-41F9-B775-9FC4997E852B}"
EndProject
Project("{FAE04EC0-301F-11D3-BF4B-00C04F79EFBC}") = "ClassTypeCastApp", "ClassTypeCastApp\ClassTypeCastApp.csproj", "{B9CFFE8C-F2E2-47ED-ABCB-CEB0448462EA}"
EndProject
Project("{9A19103F-16F7-4668-BE54-9A1E7A4F7556}") = "OverrideTestApp", "OverrideTestApp\OverrideTestApp.csproj", "{5A59066E-F82A-4862-93BF-24BD4A2142DE}"
EndProject
Project("{FAE04EC0-301F-11D3-BF4B-00C04F79EFBC}") = "PartialClassApp", "PartialClassApp\PartialClassApp.csproj", "{F3B7CAC2-F4AE-475A-97DC-9A0C41C4B2F1}"
EndProject
Project("{9A19103F-16F7-4668-BE54-9A1E7A4F7556}") = "NewInheritTestApp", "NewInheritTestApp\NewInheritTestApp.csproj", "{0EBC3E68-8B0F-4F03-89F6-EC7B851F7B05}"
EndProject
Project("{FAE04EC0-301F-11D3-BF4B-00C04F79EFBC}") = "NewTypeCastApp", "NewTypeCastApp\NewTypeCastApp.csproj", "{63AC9CE2-8215-4D0C-B735-3529A98C55C9}"
EndProject
Project("{FAE04EC0-301F-11D3-BF4B-00C04F79EFBC}") = "NewOverrideTestApp", "NewOverrideTestApp\NewOverrideTestApp.csproj", "{53C62788-4A07-47F8-935A-874EA3AE87BF}"
EndProject
Project("{FAE04EC0-301F-11D3-BF4B-00C04F79EFBC}") = "TupleTestApp", "TupleTestApp\TupleTestApp.csproj", "{2C911459-99DF-4DB7-BC5C-E64113A5138A}"
EndProject
Global
	GlobalSection(SolutionConfigurationPlatforms) = preSolution
		Debug|Any CPU = Debug|Any CPU
		Release|Any CPU = Release|Any CPU
	EndGlobalSection
	GlobalSection(ProjectConfigurationPlatforms) = postSolution
		{48EF38C1-9160-4B6E-B0CC-EB26CFFB38FC}.Debug|Any CPU.ActiveCfg = Debug|Any CPU
		{48EF38C1-9160-4B6E-B0CC-EB26CFFB38FC}.Debug|Any CPU.Build.0 = Debug|Any CPU
		{48EF38C1-9160-4B6E-B0CC-EB26CFFB38FC}.Release|Any CPU.ActiveCfg = Release|Any CPU
		{48EF38C1-9160-4B6E-B0CC-EB26CFFB38FC}.Release|Any CPU.Build.0 = Release|Any CPU
		{371FAB4F-507A-4F06-A470-BD7A8A67D78A}.Debug|Any CPU.ActiveCfg = Debug|Any CPU
		{371FAB4F-507A-4F06-A470-BD7A8A67D78A}.Debug|Any CPU.Build.0 = Debug|Any CPU
		{371FAB4F-507A-4F06-A470-BD7A8A67D78A}.Release|Any CPU.ActiveCfg = Release|Any CPU
		{371FAB4F-507A-4F06-A470-BD7A8A67D78A}.Release|Any CPU.Build.0 = Release|Any CPU
		{58A71227-0EDC-4368-8739-83781946A4EF}.Debug|Any CPU.ActiveCfg = Debug|Any CPU
		{58A71227-0EDC-4368-8739-83781946A4EF}.Debug|Any CPU.Build.0 = Debug|Any CPU
		{58A71227-0EDC-4368-8739-83781946A4EF}.Release|Any CPU.ActiveCfg = Release|Any CPU
		{58A71227-0EDC-4368-8739-83781946A4EF}.Release|Any CPU.Build.0 = Release|Any CPU
		{64B10C8F-23C4-4CE6-A87D-0FD8AD7BEA18}.Debug|Any CPU.ActiveCfg = Debug|Any CPU
		{64B10C8F-23C4-4CE6-A87D-0FD8AD7BEA18}.Debug|Any CPU.Build.0 = Debug|Any CPU
		{64B10C8F-23C4-4CE6-A87D-0FD8AD7BEA18}.Release|Any CPU.ActiveCfg = Release|Any CPU
		{64B10C8F-23C4-4CE6-A87D-0FD8AD7BEA18}.Release|Any CPU.Build.0 = Release|Any CPU
		{511A7A24-4DD9-41F9-B775-9FC4997E852B}.Debug|Any CPU.ActiveCfg = Debug|Any CPU
		{511A7A24-4DD9-41F9-B775-9FC4997E852B}.Debug|Any CPU.Build.0 = Debug|Any CPU
		{511A7A24-4DD9-41F9-B775-9FC4997E852B}.Release|Any CPU.ActiveCfg = Release|Any CPU
		{511A7A24-4DD9-41F9-B775-9FC4997E852B}.Release|Any CPU.Build.0 = Release|Any CPU
		{B9CFFE8C-F2E2-47ED-ABCB-CEB0448462EA}.Debug|Any CPU.ActiveCfg = Debug|Any CPU
		{B9CFFE8C-F2E2-47ED-ABCB-CEB0448462EA}.Debug|Any CPU.Build.0 = Debug|Any CPU
		{B9CFFE8C-F2E2-47ED-ABCB-CEB0448462EA}.Release|Any CPU.ActiveCfg = Release|Any CPU
		{B9CFFE8C-F2E2-47ED-ABCB-CEB0448462EA}.Release|Any CPU.Build.0 = Release|Any CPU
		{5A59066E-F82A-4862-93BF-24BD4A2142DE}.Debug|Any CPU.ActiveCfg = Debug|Any CPU
		{5A59066E-F82A-4862-93BF-24BD4A2142DE}.Debug|Any CPU.Build.0 = Debug|Any CPU
		{5A59066E-F82A-4862-93BF-24BD4A2142DE}.Release|Any CPU.ActiveCfg = Release|Any CPU
		{5A59066E-F82A-4862-93BF-24BD4A2142DE}.Release|Any CPU.Build.0 = Release|Any CPU
		{F3B7CAC2-F4AE-475A-97DC-9A0C41C4B2F1}.Debug|Any CPU.ActiveCfg = Debug|Any CPU
		{F3B7CAC2-F4AE-475A-97DC-9A0C41C4B2F1}.Debug|Any CPU.Build.0 = Debug|Any CPU
		{F3B7CAC2-F4AE-475A-97DC-9A0C41C4B2F1}.Release|Any CPU.ActiveCfg = Release|Any CPU
		{F3B7CAC2-F4AE-475A-97DC-9A0C41C4B2F1}.Release|Any CPU.Build.0 = Release|Any CPU
		{0EBC3E68-8B0F-4F03-89F6-EC7B851F7B05}.Debug|Any CPU.ActiveCfg = Debug|Any CPU
		{0EBC3E68-8B0F-4F03-89F6-EC7B851F7B05}.Debug|Any CPU.Build.0 = Debug|Any CPU
		{0EBC3E68-8B0F-4F03-89F6-EC7B851F7B05}.Release|Any CPU.ActiveCfg = Release|Any CPU
		{0EBC3E68-8B0F-4F03-89F6-EC7B851F7B05}.Release|Any CPU.Build.0 = Release|Any CPU
		{63AC9CE2-8215-4D0C-B735-3529A98C55C9}.Debug|Any CPU.ActiveCfg = Debug|Any CPU
		{63AC9CE2-8215-4D0C-B735-3529A98C55C9}.Debug|Any CPU.Build.0 = Debug|Any CPU
		{63AC9CE2-8215-4D0C-B735-3529A98C55C9}.Release|Any CPU.ActiveCfg = Release|Any CPU
		{63AC9CE2-8215-4D0C-B735-3529A98C55C9}.Release|Any CPU.Build.0 = Release|Any CPU
		{53C62788-4A07-47F8-935A-874EA3AE87BF}.Debug|Any CPU.ActiveCfg = Debug|Any CPU
		{53C62788-4A07-47F8-935A-874EA3AE87BF}.Debug|Any CPU.Build.0 = Debug|Any CPU
		{53C62788-4A07-47F8-935A-874EA3AE87BF}.Release|Any CPU.ActiveCfg = Release|Any CPU
		{53C62788-4A07-47F8-935A-874EA3AE87BF}.Release|Any CPU.Build.0 = Release|Any CPU
		{2C911459-99DF-4DB7-BC5C-E64113A5138A}.Debug|Any CPU.ActiveCfg = Debug|Any CPU
		{2C911459-99DF-4DB7-BC5C-E64113A5138A}.Debug|Any CPU.Build.0 = Debug|Any CPU
		{2C911459-99DF-4DB7-BC5C-E64113A5138A}.Release|Any CPU.ActiveCfg = Release|Any CPU
		{2C911459-99DF-4DB7-BC5C-E64113A5138A}.Release|Any CPU.Build.0 = Release|Any CPU
	EndGlobalSection
	GlobalSection(SolutionProperties) = preSolution
		HideSolutionNode = FALSE
	EndGlobalSection
	GlobalSection(ExtensibilityGlobals) = postSolution
		SolutionGuid = {28DD6292-327F-4DEE-8243-69EB2F10F553}
	EndGlobalSection
EndGlobal
