
Microsoft Visual Studio Solution File, Format Version 12.00
# Visual Studio Version 16
VisualStudioVersion = 16.0.31019.35
MinimumVisualStudioVersion = 10.0.40219.1
Project("{FAE04EC0-301F-11D3-BF4B-00C04F79EFBC}") = "Chap13", "Chap13\Chap13.csproj", "{617BE0DB-E10C-44ED-A4DC-5525EBBB11AA}"
EndProject
Project("{9A19103F-16F7-4668-BE54-9A1E7A4F7556}") = "CallbackTestApp", "CallbackTestApp\CallbackTestApp.csproj", "{6179C03A-B346-47B0-9C69-A700FCF70846}"
EndProject
Project("{9A19103F-16F7-4668-BE54-9A1E7A4F7556}") = "DelegateChainApp", "DelegateChainApp\DelegateChainApp.csproj", "{0F47646F-56E5-48AA-85A5-C7CC7D6C97CB}"
EndProject
Project("{FAE04EC0-301F-11D3-BF4B-00C04F79EFBC}") = "DelegateChain2App", "DelegateChain2App\DelegateChain2App.csproj", "{784C95AC-5B6B-4818-9E14-1F77FACAA397}"
EndProject
Project("{FAE04EC0-301F-11D3-BF4B-00C04F79EFBC}") = "UsingEventApp", "UsingEventApp\UsingEventApp.csproj", "{7726E595-AE37-4F19-AAA1-83DA6FD7F127}"
EndProject
Global
	GlobalSection(SolutionConfigurationPlatforms) = preSolution
		Debug|Any CPU = Debug|Any CPU
		Release|Any CPU = Release|Any CPU
	EndGlobalSection
	GlobalSection(ProjectConfigurationPlatforms) = postSolution
		{617BE0DB-E10C-44ED-A4DC-5525EBBB11AA}.Debug|Any CPU.ActiveCfg = Debug|Any CPU
		{617BE0DB-E10C-44ED-A4DC-5525EBBB11AA}.Debug|Any CPU.Build.0 = Debug|Any CPU
		{617BE0DB-E10C-44ED-A4DC-5525EBBB11AA}.Release|Any CPU.ActiveCfg = Release|Any CPU
		{617BE0DB-E10C-44ED-A4DC-5525EBBB11AA}.Release|Any CPU.Build.0 = Release|Any CPU
		{6179C03A-B346-47B0-9C69-A700FCF70846}.Debug|Any CPU.ActiveCfg = Debug|Any CPU
		{6179C03A-B346-47B0-9C69-A700FCF70846}.Debug|Any CPU.Build.0 = Debug|Any CPU
		{6179C03A-B346-47B0-9C69-A700FCF70846}.Release|Any CPU.ActiveCfg = Release|Any CPU
		{6179C03A-B346-47B0-9C69-A700FCF70846}.Release|Any CPU.Build.0 = Release|Any CPU
		{0F47646F-56E5-48AA-85A5-C7CC7D6C97CB}.Debug|Any CPU.ActiveCfg = Debug|Any CPU
		{0F47646F-56E5-48AA-85A5-C7CC7D6C97CB}.Debug|Any CPU.Build.0 = Debug|Any CPU
		{0F47646F-56E5-48AA-85A5-C7CC7D6C97CB}.Release|Any CPU.ActiveCfg = Release|Any CPU
		{0F47646F-56E5-48AA-85A5-C7CC7D6C97CB}.Release|Any CPU.Build.0 = Release|Any CPU
		{784C95AC-5B6B-4818-9E14-1F77FACAA397}.Debug|Any CPU.ActiveCfg = Debug|Any CPU
		{784C95AC-5B6B-4818-9E14-1F77FACAA397}.Debug|Any CPU.Build.0 = Debug|Any CPU
		{784C95AC-5B6B-4818-9E14-1F77FACAA397}.Release|Any CPU.ActiveCfg = Release|Any CPU
		{784C95AC-5B6B-4818-9E14-1F77FACAA397}.Release|Any CPU.Build.0 = Release|Any CPU
		{7726E595-AE37-4F19-AAA1-83DA6FD7F127}.Debug|Any CPU.ActiveCfg = Debug|Any CPU
		{7726E595-AE37-4F19-AAA1-83DA6FD7F127}.Debug|Any CPU.Build.0 = Debug|Any CPU
		{7726E595-AE37-4F19-AAA1-83DA6FD7F127}.Release|Any CPU.ActiveCfg = Release|Any CPU
		{7726E595-AE37-4F19-AAA1-83DA6FD7F127}.Release|Any CPU.Build.0 = Release|Any CPU
	EndGlobalSection
	GlobalSection(SolutionProperties) = preSolution
		HideSolutionNode = FALSE
	EndGlobalSection
	GlobalSection(ExtensibilityGlobals) = postSolution
		SolutionGuid = {41F6BF5B-A1A2-4430-822B-A95B9A13B1B3}
	EndGlobalSection
EndGlobal
