
Microsoft Visual Studio Solution File, Format Version 12.00
# Visual Studio Version 16
VisualStudioVersion = 16.0.31105.61
MinimumVisualStudioVersion = 10.0.40219.1
Project("{FAE04EC0-301F-11D3-BF4B-00C04F79EFBC}") = "VarTestApp", "VarTestApp.csproj", "{3FA62061-4579-4D5E-8F3F-1AE64D214E59}"
EndProject
Global
	GlobalSection(SolutionConfigurationPlatforms) = preSolution
		Debug|Any CPU = Debug|Any CPU
		Release|Any CPU = Release|Any CPU
	EndGlobalSection
	GlobalSection(ProjectConfigurationPlatforms) = postSolution
		{3FA62061-4579-4D5E-8F3F-1AE64D214E59}.Debug|Any CPU.ActiveCfg = Debug|Any CPU
		{3FA62061-4579-4D5E-8F3F-1AE64D214E59}.Debug|Any CPU.Build.0 = Debug|Any CPU
		{3FA62061-4579-4D5E-8F3F-1AE64D214E59}.Release|Any CPU.ActiveCfg = Release|Any CPU
		{3FA62061-4579-4D5E-8F3F-1AE64D214E59}.Release|Any CPU.Build.0 = Release|Any CPU
	EndGlobalSection
	GlobalSection(SolutionProperties) = preSolution
		HideSolutionNode = FALSE
	EndGlobalSection
	GlobalSection(ExtensibilityGlobals) = postSolution
		SolutionGuid = {52A108D0-61F0-403A-B173-B9625309F735}
	EndGlobalSection
EndGlobal
